
Microsoft Visual Studio Solution File, Format Version 12.00
# Visual Studio Version 16
VisualStudioVersion = 16.0.30011.22
MinimumVisualStudioVersion = 10.0.40219.1
Project("{9A19103F-16F7-4668-BE54-9A1E7A4F7556}") = "CoreApi", "CoreApi\CoreApi.csproj", "{BDEED73E-2656-46AF-BBDC-54D1B7CAE387}"
EndProject
Global
	GlobalSection(SolutionConfigurationPlatforms) = preSolution
		Debug|Any CPU = Debug|Any CPU
		Release|Any CPU = Release|Any CPU
	EndGlobalSection
	GlobalSection(ProjectConfigurationPlatforms) = postSolution
		{BDEED73E-2656-46AF-BBDC-54D1B7CAE387}.Debug|Any CPU.ActiveCfg = Debug|Any CPU
		{BDEED73E-2656-46AF-BBDC-54D1B7CAE387}.Debug|Any CPU.Build.0 = Debug|Any CPU
		{BDEED73E-2656-46AF-BBDC-54D1B7CAE387}.Release|Any CPU.ActiveCfg = Release|Any CPU
		{BDEED73E-2656-46AF-BBDC-54D1B7CAE387}.Release|Any CPU.Build.0 = Release|Any CPU
	EndGlobalSection
	GlobalSection(SolutionProperties) = preSolution
		HideSolutionNode = FALSE
	EndGlobalSection
	GlobalSection(ExtensibilityGlobals) = postSolution
		SolutionGuid = {B64BC7F0-8555-4942-A230-9D392F7C0633}
	EndGlobalSection
EndGlobal
